
Microsoft Visual Studio Solution File, Format Version 12.00
# Visual Studio Version 17
VisualStudioVersion = 17.10.35013.160
MinimumVisualStudioVersion = 10.0.40219.1
Project("{FAE04EC0-301F-11D3-BF4B-00C04F79EFBC}") = "CodeQuest", "CodeQuest\CodeQuest.csproj", "{63B72470-D0F8-4883-9037-A9574AE9772A}"
EndProject
Global
	GlobalSection(SolutionConfigurationPlatforms) = preSolution
		Debug|Any CPU = Debug|Any CPU
		Release|Any CPU = Release|Any CPU
	EndGlobalSection
	GlobalSection(ProjectConfigurationPlatforms) = postSolution
		{63B72470-D0F8-4883-9037-A9574AE9772A}.Debug|Any CPU.ActiveCfg = Debug|Any CPU
		{63B72470-D0F8-4883-9037-A9574AE9772A}.Debug|Any CPU.Build.0 = Debug|Any CPU
		{63B72470-D0F8-4883-9037-A9574AE9772A}.Release|Any CPU.ActiveCfg = Release|Any CPU
		{63B72470-D0F8-4883-9037-A9574AE9772A}.Release|Any CPU.Build.0 = Release|Any CPU
	EndGlobalSection
	GlobalSection(SolutionProperties) = preSolution
		HideSolutionNode = FALSE
	EndGlobalSection
	GlobalSection(ExtensibilityGlobals) = postSolution
		SolutionGuid = {E711F7F9-4D8A-4A1A-89D9-B94630DF4DC8}
	EndGlobalSection
EndGlobal
